
Microsoft Visual Studio Solution File, Format Version 12.00
# Visual Studio Version 17
VisualStudioVersion = 17.10.35122.118
MinimumVisualStudioVersion = 10.0.40219.1
Project("{9A19103F-16F7-4668-BE54-9A1E7A4F7556}") = "App-Host", "App-Host\App-Host.csproj", "{263E3451-E9E9-467D-840D-14B3F3E939D7}"
EndProject
Project("{9A19103F-16F7-4668-BE54-9A1E7A4F7556}") = "API-Gateway", "API-Gateway\API-Gateway.csproj", "{9B217C6D-7D32-4326-9CE1-872A32BB7841}"
EndProject
Project("{9A19103F-16F7-4668-BE54-9A1E7A4F7556}") = "Monitor-Client", "Monitor-Client\Monitor-Client.csproj", "{CC460E53-BDAF-4DFB-988B-BEC90DA21D4B}"
EndProject
Project("{9A19103F-16F7-4668-BE54-9A1E7A4F7556}") = "Commercial-Office", "Commercial-Office\Commercial-Office.csproj", "{6496505A-AF45-42E1-9760-C0E93F648484}"
EndProject
Project("{FAE04EC0-301F-11D3-BF4B-00C04F79EFBC}") = "DotNET-APP.ServiceDefauts", "DotNET-APP.ServiceDefauts\DotNET-APP.ServiceDefauts.csproj", "{2BEDC682-7E3C-44C3-BCEA-8D4267986EE2}"
EndProject
Project("{FAE04EC0-301F-11D3-BF4B-00C04F79EFBC}") = "Quality-Management", "Quality-Management\Quality-Management.csproj", "{16452AEF-17CF-438B-9FE5-027C27A467F9}"
EndProject
Global
	GlobalSection(SolutionConfigurationPlatforms) = preSolution
		Debug|Any CPU = Debug|Any CPU
		Release|Any CPU = Release|Any CPU
	EndGlobalSection
	GlobalSection(ProjectConfigurationPlatforms) = postSolution
		{263E3451-E9E9-467D-840D-14B3F3E939D7}.Debug|Any CPU.ActiveCfg = Debug|Any CPU
		{263E3451-E9E9-467D-840D-14B3F3E939D7}.Debug|Any CPU.Build.0 = Debug|Any CPU
		{263E3451-E9E9-467D-840D-14B3F3E939D7}.Release|Any CPU.ActiveCfg = Release|Any CPU
		{263E3451-E9E9-467D-840D-14B3F3E939D7}.Release|Any CPU.Build.0 = Release|Any CPU
		{9B217C6D-7D32-4326-9CE1-872A32BB7841}.Debug|Any CPU.ActiveCfg = Debug|Any CPU
		{9B217C6D-7D32-4326-9CE1-872A32BB7841}.Debug|Any CPU.Build.0 = Debug|Any CPU
		{9B217C6D-7D32-4326-9CE1-872A32BB7841}.Release|Any CPU.ActiveCfg = Release|Any CPU
		{9B217C6D-7D32-4326-9CE1-872A32BB7841}.Release|Any CPU.Build.0 = Release|Any CPU
		{CC460E53-BDAF-4DFB-988B-BEC90DA21D4B}.Debug|Any CPU.ActiveCfg = Debug|Any CPU
		{CC460E53-BDAF-4DFB-988B-BEC90DA21D4B}.Debug|Any CPU.Build.0 = Debug|Any CPU
		{CC460E53-BDAF-4DFB-988B-BEC90DA21D4B}.Release|Any CPU.ActiveCfg = Release|Any CPU
		{CC460E53-BDAF-4DFB-988B-BEC90DA21D4B}.Release|Any CPU.Build.0 = Release|Any CPU
		{6496505A-AF45-42E1-9760-C0E93F648484}.Debug|Any CPU.ActiveCfg = Debug|Any CPU
		{6496505A-AF45-42E1-9760-C0E93F648484}.Debug|Any CPU.Build.0 = Debug|Any CPU
		{6496505A-AF45-42E1-9760-C0E93F648484}.Release|Any CPU.ActiveCfg = Release|Any CPU
		{6496505A-AF45-42E1-9760-C0E93F648484}.Release|Any CPU.Build.0 = Release|Any CPU
<<<<<<< Updated upstream
		{263E3451-E9E9-467D-840D-14B3F3E939D7}.Debug|Any CPU.ActiveCfg = Debug|Any CPU
		{263E3451-E9E9-467D-840D-14B3F3E939D7}.Debug|Any CPU.Build.0 = Debug|Any CPU
=======
		{A0A76F2E-8C6D-4756-97AF-2476F55D669E}.Debug|Any CPU.ActiveCfg = Debug|Any CPU
		{A0A76F2E-8C6D-4756-97AF-2476F55D669E}.Debug|Any CPU.Build.0 = Debug|Any CPU
		{A0A76F2E-8C6D-4756-97AF-2476F55D669E}.Release|Any CPU.ActiveCfg = Release|Any CPU
		{A0A76F2E-8C6D-4756-97AF-2476F55D669E}.Release|Any CPU.Build.0 = Release|Any CPU
		{BD8B34AE-F994-43CF-9DEB-34957912CEA5}.Debug|Any CPU.ActiveCfg = Debug|Any CPU
		{BD8B34AE-F994-43CF-9DEB-34957912CEA5}.Debug|Any CPU.Build.0 = Debug|Any CPU
		{BD8B34AE-F994-43CF-9DEB-34957912CEA5}.Release|Any CPU.ActiveCfg = Release|Any CPU
		{BD8B34AE-F994-43CF-9DEB-34957912CEA5}.Release|Any CPU.Build.0 = Release|Any CPU
>>>>>>> Stashed changes
		{2BEDC682-7E3C-44C3-BCEA-8D4267986EE2}.Debug|Any CPU.ActiveCfg = Debug|Any CPU
		{2BEDC682-7E3C-44C3-BCEA-8D4267986EE2}.Debug|Any CPU.Build.0 = Debug|Any CPU
		{2BEDC682-7E3C-44C3-BCEA-8D4267986EE2}.Release|Any CPU.ActiveCfg = Release|Any CPU
		{2BEDC682-7E3C-44C3-BCEA-8D4267986EE2}.Release|Any CPU.Build.0 = Release|Any CPU
		{16452AEF-17CF-438B-9FE5-027C27A467F9}.Debug|Any CPU.ActiveCfg = Debug|Any CPU
		{16452AEF-17CF-438B-9FE5-027C27A467F9}.Debug|Any CPU.Build.0 = Debug|Any CPU
		{16452AEF-17CF-438B-9FE5-027C27A467F9}.Release|Any CPU.ActiveCfg = Release|Any CPU
		{16452AEF-17CF-438B-9FE5-027C27A467F9}.Release|Any CPU.Build.0 = Release|Any CPU
	EndGlobalSection
	GlobalSection(SolutionProperties) = preSolution
		HideSolutionNode = FALSE
	EndGlobalSection
	GlobalSection(ExtensibilityGlobals) = postSolution
		SolutionGuid = {7188A129-BD1D-41DA-854C-F1747193F05E}
	EndGlobalSection
EndGlobal
