Microsoft Visual Studio Solution File, Format Version 12.00
# Visual Studio Version 17
VisualStudioVersion = 17.10.35122.118
MinimumVisualStudioVersion = 10.0.40219.1
Project("{FAE04EC0-301F-11D3-BF4B-00C04F79EFBC}") = "Web-Page.AppHost", "Web-Page.AppHost\Web-Page.AppHost.csproj", "{5B5B9BE4-EC16-48EB-AE5B-E3062CE5A27D}"
EndProject
Project("{9A19103F-16F7-4668-BE54-9A1E7A4F7556}") = "Web-Page.ServiceDefaults", "Web-Page.ServiceDefaults\Web-Page.ServiceDefaults.csproj", "{9E009F00-3636-47B0-93A7-1C233B787948}"
EndProject
Project("{9A19103F-16F7-4668-BE54-9A1E7A4F7556}") = "Web-Page.ApiService", "Web-Page.ApiService\Web-Page.ApiService.csproj", "{AF061682-9345-4612-9B43-CCC8F4A907A8}"
EndProject
Project("{9A19103F-16F7-4668-BE54-9A1E7A4F7556}") = "Web-Page.Web", "Web-Page.Web\Web-Page.Web.csproj", "{CA44F6E1-1689-408E-8A06-C9C4B46FC0A3}"
EndProject
Global
	GlobalSection(SolutionConfigurationPlatforms) = preSolution
		Debug|Any CPU = Debug|Any CPU
		Release|Any CPU = Release|Any CPU
	EndGlobalSection
	GlobalSection(ProjectConfigurationPlatforms) = postSolution
		{5B5B9BE4-EC16-48EB-AE5B-E3062CE5A27D}.Debug|Any CPU.ActiveCfg = Debug|Any CPU
		{5B5B9BE4-EC16-48EB-AE5B-E3062CE5A27D}.Debug|Any CPU.Build.0 = Debug|Any CPU
		{5B5B9BE4-EC16-48EB-AE5B-E3062CE5A27D}.Release|Any CPU.ActiveCfg = Release|Any CPU
		{5B5B9BE4-EC16-48EB-AE5B-E3062CE5A27D}.Release|Any CPU.Build.0 = Release|Any CPU
		{9E009F00-3636-47B0-93A7-1C233B787948}.Debug|Any CPU.ActiveCfg = Debug|Any CPU
		{9E009F00-3636-47B0-93A7-1C233B787948}.Debug|Any CPU.Build.0 = Debug|Any CPU
		{9E009F00-3636-47B0-93A7-1C233B787948}.Release|Any CPU.ActiveCfg = Release|Any CPU
		{9E009F00-3636-47B0-93A7-1C233B787948}.Release|Any CPU.Build.0 = Release|Any CPU
		{AF061682-9345-4612-9B43-CCC8F4A907A8}.Debug|Any CPU.ActiveCfg = Debug|Any CPU
		{AF061682-9345-4612-9B43-CCC8F4A907A8}.Debug|Any CPU.Build.0 = Debug|Any CPU
		{AF061682-9345-4612-9B43-CCC8F4A907A8}.Release|Any CPU.ActiveCfg = Release|Any CPU
		{AF061682-9345-4612-9B43-CCC8F4A907A8}.Release|Any CPU.Build.0 = Release|Any CPU
		{CA44F6E1-1689-408E-8A06-C9C4B46FC0A3}.Debug|Any CPU.ActiveCfg = Debug|Any CPU
		{CA44F6E1-1689-408E-8A06-C9C4B46FC0A3}.Debug|Any CPU.Build.0 = Debug|Any CPU
		{CA44F6E1-1689-408E-8A06-C9C4B46FC0A3}.Release|Any CPU.ActiveCfg = Release|Any CPU
		{CA44F6E1-1689-408E-8A06-C9C4B46FC0A3}.Release|Any CPU.Build.0 = Release|Any CPU
	EndGlobalSection
	GlobalSection(SolutionProperties) = preSolution
		HideSolutionNode = FALSE
	EndGlobalSection
	GlobalSection(ExtensibilityGlobals) = postSolution
		SolutionGuid = {C38C11DB-2DAB-43E4-9026-75912215C5B6}
	EndGlobalSection
EndGlobal
